// !$*UTF8*$!
{
	archiveVersion = 1;
	classes = {
	};
	objectVersion = 50;
	objects = {

/* Begin PBXBuildFile section */
		710394F927D5450200C3D618 /* Stations.swift in Sources */ = {isa = PBXBuildFile; fileRef = 710394F827D5450200C3D618 /* Stations.swift */; };
		710394FB27D5456800C3D618 /* QueryItemProviding.swift in Sources */ = {isa = PBXBuildFile; fileRef = 710394FA27D5456800C3D618 /* QueryItemProviding.swift */; };
		710394FD27D5495C00C3D618 /* TimeFrame.swift in Sources */ = {isa = PBXBuildFile; fileRef = 710394FC27D5495C00C3D618 /* TimeFrame.swift */; };
		710B4FA727D3104100D88842 /* AviationWeather.docc in Sources */ = {isa = PBXBuildFile; fileRef = 710B4FA627D3104100D88842 /* AviationWeather.docc */; };
		710B4FA827D3104100D88842 /* AviationWeather.h in Headers */ = {isa = PBXBuildFile; fileRef = 710B4FA527D3104100D88842 /* AviationWeather.h */; settings = {ATTRIBUTES = (Public, ); }; };
		710B4FAB27D3104100D88842 /* AviationWeather.framework in Frameworks */ = {isa = PBXBuildFile; fileRef = 710B4FA327D3104000D88842 /* AviationWeather.framework */; };
		710B4FAC27D3104100D88842 /* AviationWeather.framework in Embed Frameworks */ = {isa = PBXBuildFile; fileRef = 710B4FA327D3104000D88842 /* AviationWeather.framework */; settings = {ATTRIBUTES = (CodeSignOnCopy, RemoveHeadersOnCopy, ); }; };
		710B4FB127D3105000D88842 /* AviationWeather.swift in Sources */ = {isa = PBXBuildFile; fileRef = 71132C8C2517DE870068BDF7 /* AviationWeather.swift */; };
		710B4FB227D3105000D88842 /* METAR.swift in Sources */ = {isa = PBXBuildFile; fileRef = 71132C8B2517DE870068BDF7 /* METAR.swift */; };
		710B4FB327D3109700D88842 /* RawRepresentable+Comparisons.swift in Sources */ = {isa = PBXBuildFile; fileRef = 710B4F9C27D08A3E00D88842 /* RawRepresentable+Comparisons.swift */; };
		710B4FB527D311DC00D88842 /* Logging.swift in Sources */ = {isa = PBXBuildFile; fileRef = 710B4FB427D311DC00D88842 /* Logging.swift */; };
		710B4FB727D32E0F00D88842 /* Client.swift in Sources */ = {isa = PBXBuildFile; fileRef = 710B4FB627D32E0F00D88842 /* Client.swift */; };
		710B4FB927D35ADC00D88842 /* Request.swift in Sources */ = {isa = PBXBuildFile; fileRef = 710B4FB827D35ADC00D88842 /* Request.swift */; };
		710B4FBD27D4032400D88842 /* Response.swift in Sources */ = {isa = PBXBuildFile; fileRef = 710B4FBC27D4032400D88842 /* Response.swift */; };
		71132C6B2517DC310068BDF7 /* METARApp.swift in Sources */ = {isa = PBXBuildFile; fileRef = 71132C6A2517DC310068BDF7 /* METARApp.swift */; };
		71132C6F2517DC330068BDF7 /* Assets.xcassets in Resources */ = {isa = PBXBuildFile; fileRef = 71132C6E2517DC330068BDF7 /* Assets.xcassets */; };
		71132C722517DC330068BDF7 /* Preview Assets.xcassets in Resources */ = {isa = PBXBuildFile; fileRef = 71132C712517DC330068BDF7 /* Preview Assets.xcassets */; };
		71132C7B2517DC6D0068BDF7 /* AppView.swift in Sources */ = {isa = PBXBuildFile; fileRef = 71132C7A2517DC6D0068BDF7 /* AppView.swift */; };
		71132C7E2517DC860068BDF7 /* AppModel.swift in Sources */ = {isa = PBXBuildFile; fileRef = 71132C7D2517DC860068BDF7 /* AppModel.swift */; };
		71132CA325181EFA0068BDF7 /* METARList.swift in Sources */ = {isa = PBXBuildFile; fileRef = 71132CA225181EFA0068BDF7 /* METARList.swift */; };
		71132CA625181F150068BDF7 /* METARRow.swift in Sources */ = {isa = PBXBuildFile; fileRef = 71132CA525181F150068BDF7 /* METARRow.swift */; };
		71132CA925182B0B0068BDF7 /* AirportDetailView.swift in Sources */ = {isa = PBXBuildFile; fileRef = 71132CA825182B0B0068BDF7 /* AirportDetailView.swift */; };
		71132CAE25186AE50068BDF7 /* AddAirportSheet.swift in Sources */ = {isa = PBXBuildFile; fileRef = 71132CAD25186AE50068BDF7 /* AddAirportSheet.swift */; };
		71132CB2251872A20068BDF7 /* SearchBar.swift in Sources */ = {isa = PBXBuildFile; fileRef = 71132CB1251872A20068BDF7 /* SearchBar.swift */; };
		71306573251D718600CF33A0 /* TwoItemRow.swift in Sources */ = {isa = PBXBuildFile; fileRef = 71306572251D718600CF33A0 /* TwoItemRow.swift */; };
		71306577251F169E00CF33A0 /* View+Extensions.swift in Sources */ = {isa = PBXBuildFile; fileRef = 71306576251F169D00CF33A0 /* View+Extensions.swift */; };
		713EC0832878848400B29117 /* METARIconRow.swift in Sources */ = {isa = PBXBuildFile; fileRef = 713EC0822878848400B29117 /* METARIconRow.swift */; };
		713EC08528788DAB00B29117 /* WeatherStringFormatter.swift in Sources */ = {isa = PBXBuildFile; fileRef = 713EC08428788DAB00B29117 /* WeatherStringFormatter.swift */; };
		713EC0872878A68600B29117 /* LabeledIcon.swift in Sources */ = {isa = PBXBuildFile; fileRef = 713EC0862878A68600B29117 /* LabeledIcon.swift */; };
		713EC0892878F78600B29117 /* SettingsSheet.swift in Sources */ = {isa = PBXBuildFile; fileRef = 713EC0882878F78600B29117 /* SettingsSheet.swift */; };
		713EC08B2879D11500B29117 /* METARRowStylePicker.swift in Sources */ = {isa = PBXBuildFile; fileRef = 713EC08A2879D11500B29117 /* METARRowStylePicker.swift */; };
		713EC08F2879F5FA00B29117 /* DismissingView.swift in Sources */ = {isa = PBXBuildFile; fileRef = 713EC08E2879F5FA00B29117 /* DismissingView.swift */; };
		713EC0912879F89300B29117 /* Checkmark.swift in Sources */ = {isa = PBXBuildFile; fileRef = 713EC0902879F89300B29117 /* Checkmark.swift */; };
		713EC093287A01B300B29117 /* CheckmarkRow.swift in Sources */ = {isa = PBXBuildFile; fileRef = 713EC092287A01B300B29117 /* CheckmarkRow.swift */; };
		713EC097287A85ED00B29117 /* SkyCondition.swift in Sources */ = {isa = PBXBuildFile; fileRef = 713EC096287A85ED00B29117 /* SkyCondition.swift */; };
		713EC099287A96F900B29117 /* WelcomeView.swift in Sources */ = {isa = PBXBuildFile; fileRef = 713EC098287A96F900B29117 /* WelcomeView.swift */; };
		713EC09B287CDA1D00B29117 /* AirportPicker.swift in Sources */ = {isa = PBXBuildFile; fileRef = 713EC09A287CDA1D00B29117 /* AirportPicker.swift */; };
		716661532884B2E00022C979 /* WidgetKit.framework in Frameworks */ = {isa = PBXBuildFile; fileRef = 716661522884B2E00022C979 /* WidgetKit.framework */; };
		716661552884B2E00022C979 /* SwiftUI.framework in Frameworks */ = {isa = PBXBuildFile; fileRef = 716661542884B2E00022C979 /* SwiftUI.framework */; };
		716661582884B2E00022C979 /* SingleAirportWeatherWidget.swift in Sources */ = {isa = PBXBuildFile; fileRef = 716661572884B2E00022C979 /* SingleAirportWeatherWidget.swift */; };
		716661622884B2E10022C979 /* METARWidget.appex in Embed App Extensions */ = {isa = PBXBuildFile; fileRef = 716661502884B2E00022C979 /* METARWidget.appex */; settings = {ATTRIBUTES = (RemoveHeadersOnCopy, ); }; };
		716661662884B40B0022C979 /* AviationWeather.framework in Frameworks */ = {isa = PBXBuildFile; fileRef = 710B4FA327D3104000D88842 /* AviationWeather.framework */; };
		716783E7287D0E6700CDD400 /* OnboardingView.swift in Sources */ = {isa = PBXBuildFile; fileRef = 716783E6287D0E6700CDD400 /* OnboardingView.swift */; };
		71925B3C28851FC5003EB8D8 /* METARIntents.intentdefinition in Sources */ = {isa = PBXBuildFile; fileRef = 716661592884B2E00022C979 /* METARIntents.intentdefinition */; };
		71925B3D28851FC7003EB8D8 /* METARIntents.intentdefinition in Sources */ = {isa = PBXBuildFile; fileRef = 716661592884B2E00022C979 /* METARIntents.intentdefinition */; };
		7192DD402885E422007AB42B /* Assets.xcassets in Resources */ = {isa = PBXBuildFile; fileRef = 71132C6E2517DC330068BDF7 /* Assets.xcassets */; };
		7192DD472885E546007AB42B /* Intents.framework in Frameworks */ = {isa = PBXBuildFile; fileRef = 7192DD462885E546007AB42B /* Intents.framework */; };
		7192DD4A2885E546007AB42B /* IntentHandler.swift in Sources */ = {isa = PBXBuildFile; fileRef = 7192DD492885E546007AB42B /* IntentHandler.swift */; };
		7192DD522885E546007AB42B /* IntentsUI.framework in Frameworks */ = {isa = PBXBuildFile; fileRef = 7192DD512885E546007AB42B /* IntentsUI.framework */; };
		7192DD552885E546007AB42B /* IntentViewController.swift in Sources */ = {isa = PBXBuildFile; fileRef = 7192DD542885E546007AB42B /* IntentViewController.swift */; };
		7192DD582885E546007AB42B /* MainInterface.storyboard in Resources */ = {isa = PBXBuildFile; fileRef = 7192DD562885E546007AB42B /* MainInterface.storyboard */; };
		7192DD5C2885E546007AB42B /* METARIntentsUI.appex in Embed App Extensions */ = {isa = PBXBuildFile; fileRef = 7192DD502885E546007AB42B /* METARIntentsUI.appex */; settings = {ATTRIBUTES = (RemoveHeadersOnCopy, ); }; };
		7192DD5F2885E546007AB42B /* METARIntents.appex in Embed App Extensions */ = {isa = PBXBuildFile; fileRef = 7192DD452885E546007AB42B /* METARIntents.appex */; settings = {ATTRIBUTES = (RemoveHeadersOnCopy, ); }; };
		7192DD662885E921007AB42B /* METARIntents.intentdefinition in Sources */ = {isa = PBXBuildFile; fileRef = 716661592884B2E00022C979 /* METARIntents.intentdefinition */; };
		7192DD672886012B007AB42B /* Assets.xcassets in Resources */ = {isa = PBXBuildFile; fileRef = 71132C6E2517DC330068BDF7 /* Assets.xcassets */; };
		7192DD68288601D8007AB42B /* Station.swift in Sources */ = {isa = PBXBuildFile; fileRef = 71132CB525197C850068BDF7 /* Station.swift */; };
		7192DD69288601D8007AB42B /* StationInfo.swift in Sources */ = {isa = PBXBuildFile; fileRef = 71132C832517DCAF0068BDF7 /* StationInfo.swift */; };
		7192DD6A28860212007AB42B /* AviationWeather.framework in Frameworks */ = {isa = PBXBuildFile; fileRef = 710B4FA327D3104000D88842 /* AviationWeather.framework */; };
		71B555ED2888964300DA314F /* Theme.swift in Sources */ = {isa = PBXBuildFile; fileRef = 71B555EC2888964300DA314F /* Theme.swift */; };
		71B555EF288898E300DA314F /* ThemePicker.swift in Sources */ = {isa = PBXBuildFile; fileRef = 71B555EE288898E300DA314F /* ThemePicker.swift */; };
		71B555F8288E386800DA314F /* CasePicker.swift in Sources */ = {isa = PBXBuildFile; fileRef = 71B555F7288E386800DA314F /* CasePicker.swift */; };
		71B555FA288F848B00DA314F /* Appearance.swift in Sources */ = {isa = PBXBuildFile; fileRef = 71B555F9288F848B00DA314F /* Appearance.swift */; };
		71B555FC288F851800DA314F /* AppModelDataSource.swift in Sources */ = {isa = PBXBuildFile; fileRef = 71B555FB288F851800DA314F /* AppModelDataSource.swift */; };
		71B555FE288F854500DA314F /* UserDefaultsAppModelDataSource.swift in Sources */ = {isa = PBXBuildFile; fileRef = 71B555FD288F854500DA314F /* UserDefaultsAppModelDataSource.swift */; };
		71B55600288F858600DA314F /* SimpleAppModelDataSource.swift in Sources */ = {isa = PBXBuildFile; fileRef = 71B555FF288F858600DA314F /* SimpleAppModelDataSource.swift */; };
		71F8E42A28860FCA00B5BBBC /* Station+Search.swift in Sources */ = {isa = PBXBuildFile; fileRef = 71F8E42928860FCA00B5BBBC /* Station+Search.swift */; };
/* End PBXBuildFile section */

/* Begin PBXContainerItemProxy section */
		710B4FA927D3104100D88842 /* PBXContainerItemProxy */ = {
			isa = PBXContainerItemProxy;
			containerPortal = 71132C5F2517DC300068BDF7 /* Project object */;
			proxyType = 1;
			remoteGlobalIDString = 710B4FA227D3104000D88842;
			remoteInfo = AviationWeather;
		};
		7166615F2884B2E10022C979 /* PBXContainerItemProxy */ = {
			isa = PBXContainerItemProxy;
			containerPortal = 71132C5F2517DC300068BDF7 /* Project object */;
			proxyType = 1;
			remoteGlobalIDString = 7166614F2884B2E00022C979;
			remoteInfo = SingleAirportWeatherWidgetExtension;
		};
		716661672884B42A0022C979 /* PBXContainerItemProxy */ = {
			isa = PBXContainerItemProxy;
			containerPortal = 71132C5F2517DC300068BDF7 /* Project object */;
			proxyType = 1;
			remoteGlobalIDString = 710B4FA227D3104000D88842;
			remoteInfo = AviationWeather;
		};
		7192DD5A2885E546007AB42B /* PBXContainerItemProxy */ = {
			isa = PBXContainerItemProxy;
			containerPortal = 71132C5F2517DC300068BDF7 /* Project object */;
			proxyType = 1;
			remoteGlobalIDString = 7192DD4F2885E546007AB42B;
			remoteInfo = METARIntentsUI;
		};
		7192DD5D2885E546007AB42B /* PBXContainerItemProxy */ = {
			isa = PBXContainerItemProxy;
			containerPortal = 71132C5F2517DC300068BDF7 /* Project object */;
			proxyType = 1;
			remoteGlobalIDString = 7192DD442885E546007AB42B;
			remoteInfo = METARIntents;
		};
		7192DD6B28860216007AB42B /* PBXContainerItemProxy */ = {
			isa = PBXContainerItemProxy;
			containerPortal = 71132C5F2517DC300068BDF7 /* Project object */;
			proxyType = 1;
			remoteGlobalIDString = 710B4FA227D3104000D88842;
			remoteInfo = AviationWeather;
		};
/* End PBXContainerItemProxy section */

/* Begin PBXCopyFilesBuildPhase section */
		710B4FB027D3104100D88842 /* Embed Frameworks */ = {
			isa = PBXCopyFilesBuildPhase;
			buildActionMask = 2147483647;
			dstPath = "";
			dstSubfolderSpec = 10;
			files = (
				710B4FAC27D3104100D88842 /* AviationWeather.framework in Embed Frameworks */,
			);
			name = "Embed Frameworks";
			runOnlyForDeploymentPostprocessing = 0;
		};
		716661612884B2E10022C979 /* Embed App Extensions */ = {
			isa = PBXCopyFilesBuildPhase;
			buildActionMask = 2147483647;
			dstPath = "";
			dstSubfolderSpec = 13;
			files = (
				7192DD5F2885E546007AB42B /* METARIntents.appex in Embed App Extensions */,
				7192DD5C2885E546007AB42B /* METARIntentsUI.appex in Embed App Extensions */,
				716661622884B2E10022C979 /* METARWidget.appex in Embed App Extensions */,
			);
			name = "Embed App Extensions";
			runOnlyForDeploymentPostprocessing = 0;
		};
/* End PBXCopyFilesBuildPhase section */

/* Begin PBXFileReference section */
		710394F827D5450200C3D618 /* Stations.swift */ = {isa = PBXFileReference; lastKnownFileType = sourcecode.swift; path = Stations.swift; sourceTree = "<group>"; };
		710394FA27D5456800C3D618 /* QueryItemProviding.swift */ = {isa = PBXFileReference; lastKnownFileType = sourcecode.swift; path = QueryItemProviding.swift; sourceTree = "<group>"; };
		710394FC27D5495C00C3D618 /* TimeFrame.swift */ = {isa = PBXFileReference; lastKnownFileType = sourcecode.swift; path = TimeFrame.swift; sourceTree = "<group>"; };
		710B4F9C27D08A3E00D88842 /* RawRepresentable+Comparisons.swift */ = {isa = PBXFileReference; lastKnownFileType = sourcecode.swift; path = "RawRepresentable+Comparisons.swift"; sourceTree = "<group>"; };
		710B4FA327D3104000D88842 /* AviationWeather.framework */ = {isa = PBXFileReference; explicitFileType = wrapper.framework; includeInIndex = 0; path = AviationWeather.framework; sourceTree = BUILT_PRODUCTS_DIR; };
		710B4FA527D3104100D88842 /* AviationWeather.h */ = {isa = PBXFileReference; lastKnownFileType = sourcecode.c.h; path = AviationWeather.h; sourceTree = "<group>"; };
		710B4FA627D3104100D88842 /* AviationWeather.docc */ = {isa = PBXFileReference; lastKnownFileType = folder.documentationcatalog; path = AviationWeather.docc; sourceTree = "<group>"; };
		710B4FB427D311DC00D88842 /* Logging.swift */ = {isa = PBXFileReference; lastKnownFileType = sourcecode.swift; path = Logging.swift; sourceTree = "<group>"; };
		710B4FB627D32E0F00D88842 /* Client.swift */ = {isa = PBXFileReference; lastKnownFileType = sourcecode.swift; path = Client.swift; sourceTree = "<group>"; };
		710B4FB827D35ADC00D88842 /* Request.swift */ = {isa = PBXFileReference; lastKnownFileType = sourcecode.swift; path = Request.swift; sourceTree = "<group>"; };
		710B4FBC27D4032400D88842 /* Response.swift */ = {isa = PBXFileReference; lastKnownFileType = sourcecode.swift; path = Response.swift; sourceTree = "<group>"; };
		71132C672517DC310068BDF7 /* METAR.app */ = {isa = PBXFileReference; explicitFileType = wrapper.application; includeInIndex = 0; path = METAR.app; sourceTree = BUILT_PRODUCTS_DIR; };
		71132C6A2517DC310068BDF7 /* METARApp.swift */ = {isa = PBXFileReference; lastKnownFileType = sourcecode.swift; path = METARApp.swift; sourceTree = "<group>"; };
		71132C6E2517DC330068BDF7 /* Assets.xcassets */ = {isa = PBXFileReference; lastKnownFileType = folder.assetcatalog; path = Assets.xcassets; sourceTree = "<group>"; };
		71132C712517DC330068BDF7 /* Preview Assets.xcassets */ = {isa = PBXFileReference; lastKnownFileType = folder.assetcatalog; path = "Preview Assets.xcassets"; sourceTree = "<group>"; };
		71132C732517DC330068BDF7 /* Info.plist */ = {isa = PBXFileReference; lastKnownFileType = text.plist.xml; path = Info.plist; sourceTree = "<group>"; };
		71132C7A2517DC6D0068BDF7 /* AppView.swift */ = {isa = PBXFileReference; fileEncoding = 4; lastKnownFileType = sourcecode.swift; path = AppView.swift; sourceTree = "<group>"; };
		71132C7D2517DC860068BDF7 /* AppModel.swift */ = {isa = PBXFileReference; fileEncoding = 4; lastKnownFileType = sourcecode.swift; path = AppModel.swift; sourceTree = "<group>"; };
		71132C832517DCAF0068BDF7 /* StationInfo.swift */ = {isa = PBXFileReference; fileEncoding = 4; lastKnownFileType = sourcecode.swift; path = StationInfo.swift; sourceTree = "<group>"; };
		71132C8B2517DE870068BDF7 /* METAR.swift */ = {isa = PBXFileReference; lastKnownFileType = sourcecode.swift; path = METAR.swift; sourceTree = "<group>"; };
		71132C8C2517DE870068BDF7 /* AviationWeather.swift */ = {isa = PBXFileReference; lastKnownFileType = sourcecode.swift; path = AviationWeather.swift; sourceTree = "<group>"; };
		71132CA225181EFA0068BDF7 /* METARList.swift */ = {isa = PBXFileReference; lastKnownFileType = sourcecode.swift; path = METARList.swift; sourceTree = "<group>"; };
		71132CA525181F150068BDF7 /* METARRow.swift */ = {isa = PBXFileReference; lastKnownFileType = sourcecode.swift; path = METARRow.swift; sourceTree = "<group>"; };
		71132CA825182B0B0068BDF7 /* AirportDetailView.swift */ = {isa = PBXFileReference; lastKnownFileType = sourcecode.swift; path = AirportDetailView.swift; sourceTree = "<group>"; };
		71132CAD25186AE50068BDF7 /* AddAirportSheet.swift */ = {isa = PBXFileReference; lastKnownFileType = sourcecode.swift; path = AddAirportSheet.swift; sourceTree = "<group>"; };
		71132CB1251872A20068BDF7 /* SearchBar.swift */ = {isa = PBXFileReference; lastKnownFileType = sourcecode.swift; path = SearchBar.swift; sourceTree = "<group>"; };
		71132CB525197C850068BDF7 /* Station.swift */ = {isa = PBXFileReference; lastKnownFileType = sourcecode.swift; path = Station.swift; sourceTree = "<group>"; };
		71306572251D718600CF33A0 /* TwoItemRow.swift */ = {isa = PBXFileReference; lastKnownFileType = sourcecode.swift; path = TwoItemRow.swift; sourceTree = "<group>"; };
		71306576251F169D00CF33A0 /* View+Extensions.swift */ = {isa = PBXFileReference; lastKnownFileType = sourcecode.swift; path = "View+Extensions.swift"; sourceTree = "<group>"; };
		713EC0822878848400B29117 /* METARIconRow.swift */ = {isa = PBXFileReference; lastKnownFileType = sourcecode.swift; path = METARIconRow.swift; sourceTree = "<group>"; };
		713EC08428788DAB00B29117 /* WeatherStringFormatter.swift */ = {isa = PBXFileReference; lastKnownFileType = sourcecode.swift; path = WeatherStringFormatter.swift; sourceTree = "<group>"; };
		713EC0862878A68600B29117 /* LabeledIcon.swift */ = {isa = PBXFileReference; lastKnownFileType = sourcecode.swift; path = LabeledIcon.swift; sourceTree = "<group>"; };
		713EC0882878F78600B29117 /* SettingsSheet.swift */ = {isa = PBXFileReference; lastKnownFileType = sourcecode.swift; path = SettingsSheet.swift; sourceTree = "<group>"; };
		713EC08A2879D11500B29117 /* METARRowStylePicker.swift */ = {isa = PBXFileReference; lastKnownFileType = sourcecode.swift; path = METARRowStylePicker.swift; sourceTree = "<group>"; };
		713EC08E2879F5FA00B29117 /* DismissingView.swift */ = {isa = PBXFileReference; lastKnownFileType = sourcecode.swift; path = DismissingView.swift; sourceTree = "<group>"; };
		713EC0902879F89300B29117 /* Checkmark.swift */ = {isa = PBXFileReference; lastKnownFileType = sourcecode.swift; path = Checkmark.swift; sourceTree = "<group>"; };
		713EC092287A01B300B29117 /* CheckmarkRow.swift */ = {isa = PBXFileReference; lastKnownFileType = sourcecode.swift; path = CheckmarkRow.swift; sourceTree = "<group>"; };
		713EC096287A85ED00B29117 /* SkyCondition.swift */ = {isa = PBXFileReference; lastKnownFileType = sourcecode.swift; path = SkyCondition.swift; sourceTree = "<group>"; };
		713EC098287A96F900B29117 /* WelcomeView.swift */ = {isa = PBXFileReference; lastKnownFileType = sourcecode.swift; path = WelcomeView.swift; sourceTree = "<group>"; };
		713EC09A287CDA1D00B29117 /* AirportPicker.swift */ = {isa = PBXFileReference; lastKnownFileType = sourcecode.swift; path = AirportPicker.swift; sourceTree = "<group>"; };
		716661502884B2E00022C979 /* METARWidget.appex */ = {isa = PBXFileReference; explicitFileType = "wrapper.app-extension"; includeInIndex = 0; path = METARWidget.appex; sourceTree = BUILT_PRODUCTS_DIR; };
		716661522884B2E00022C979 /* WidgetKit.framework */ = {isa = PBXFileReference; lastKnownFileType = wrapper.framework; name = WidgetKit.framework; path = System/Library/Frameworks/WidgetKit.framework; sourceTree = SDKROOT; };
		716661542884B2E00022C979 /* SwiftUI.framework */ = {isa = PBXFileReference; lastKnownFileType = wrapper.framework; name = SwiftUI.framework; path = System/Library/Frameworks/SwiftUI.framework; sourceTree = SDKROOT; };
		716661572884B2E00022C979 /* SingleAirportWeatherWidget.swift */ = {isa = PBXFileReference; lastKnownFileType = sourcecode.swift; path = SingleAirportWeatherWidget.swift; sourceTree = "<group>"; };
		716661592884B2E00022C979 /* METARIntents.intentdefinition */ = {isa = PBXFileReference; lastKnownFileType = file.intentdefinition; path = METARIntents.intentdefinition; sourceTree = "<group>"; };
		7166615C2884B2E10022C979 /* Info.plist */ = {isa = PBXFileReference; lastKnownFileType = text.plist.xml; path = Info.plist; sourceTree = "<group>"; };
		716783E6287D0E6700CDD400 /* OnboardingView.swift */ = {isa = PBXFileReference; lastKnownFileType = sourcecode.swift; path = OnboardingView.swift; sourceTree = "<group>"; };
		7192DD452885E546007AB42B /* METARIntents.appex */ = {isa = PBXFileReference; explicitFileType = "wrapper.app-extension"; includeInIndex = 0; path = METARIntents.appex; sourceTree = BUILT_PRODUCTS_DIR; };
		7192DD462885E546007AB42B /* Intents.framework */ = {isa = PBXFileReference; lastKnownFileType = wrapper.framework; name = Intents.framework; path = System/Library/Frameworks/Intents.framework; sourceTree = SDKROOT; };
		7192DD492885E546007AB42B /* IntentHandler.swift */ = {isa = PBXFileReference; lastKnownFileType = sourcecode.swift; path = IntentHandler.swift; sourceTree = "<group>"; };
		7192DD4B2885E546007AB42B /* Info.plist */ = {isa = PBXFileReference; lastKnownFileType = text.plist.xml; path = Info.plist; sourceTree = "<group>"; };
		7192DD502885E546007AB42B /* METARIntentsUI.appex */ = {isa = PBXFileReference; explicitFileType = "wrapper.app-extension"; includeInIndex = 0; path = METARIntentsUI.appex; sourceTree = BUILT_PRODUCTS_DIR; };
		7192DD512885E546007AB42B /* IntentsUI.framework */ = {isa = PBXFileReference; lastKnownFileType = wrapper.framework; name = IntentsUI.framework; path = System/Library/Frameworks/IntentsUI.framework; sourceTree = SDKROOT; };
		7192DD542885E546007AB42B /* IntentViewController.swift */ = {isa = PBXFileReference; lastKnownFileType = sourcecode.swift; path = IntentViewController.swift; sourceTree = "<group>"; };
		7192DD572885E546007AB42B /* Base */ = {isa = PBXFileReference; lastKnownFileType = file.storyboard; name = Base; path = Base.lproj/MainInterface.storyboard; sourceTree = "<group>"; };
		7192DD592885E546007AB42B /* Info.plist */ = {isa = PBXFileReference; lastKnownFileType = text.plist.xml; path = Info.plist; sourceTree = "<group>"; };
		71B555EC2888964300DA314F /* Theme.swift */ = {isa = PBXFileReference; lastKnownFileType = sourcecode.swift; path = Theme.swift; sourceTree = "<group>"; };
		71B555EE288898E300DA314F /* ThemePicker.swift */ = {isa = PBXFileReference; lastKnownFileType = sourcecode.swift; path = ThemePicker.swift; sourceTree = "<group>"; };
		71B555F7288E386800DA314F /* CasePicker.swift */ = {isa = PBXFileReference; lastKnownFileType = sourcecode.swift; path = CasePicker.swift; sourceTree = "<group>"; };
		71B555F9288F848B00DA314F /* Appearance.swift */ = {isa = PBXFileReference; lastKnownFileType = sourcecode.swift; path = Appearance.swift; sourceTree = "<group>"; };
		71B555FB288F851800DA314F /* AppModelDataSource.swift */ = {isa = PBXFileReference; lastKnownFileType = sourcecode.swift; path = AppModelDataSource.swift; sourceTree = "<group>"; };
		71B555FD288F854500DA314F /* UserDefaultsAppModelDataSource.swift */ = {isa = PBXFileReference; lastKnownFileType = sourcecode.swift; path = UserDefaultsAppModelDataSource.swift; sourceTree = "<group>"; };
		71B555FF288F858600DA314F /* SimpleAppModelDataSource.swift */ = {isa = PBXFileReference; lastKnownFileType = sourcecode.swift; path = SimpleAppModelDataSource.swift; sourceTree = "<group>"; };
		71F8E42928860FCA00B5BBBC /* Station+Search.swift */ = {isa = PBXFileReference; lastKnownFileType = sourcecode.swift; path = "Station+Search.swift"; sourceTree = "<group>"; };
/* End PBXFileReference section */

/* Begin PBXFrameworksBuildPhase section */
		710B4FA027D3104000D88842 /* Frameworks */ = {
			isa = PBXFrameworksBuildPhase;
			buildActionMask = 2147483647;
			files = (
			);
			runOnlyForDeploymentPostprocessing = 0;
		};
		71132C642517DC310068BDF7 /* Frameworks */ = {
			isa = PBXFrameworksBuildPhase;
			buildActionMask = 2147483647;
			files = (
				710B4FAB27D3104100D88842 /* AviationWeather.framework in Frameworks */,
			);
			runOnlyForDeploymentPostprocessing = 0;
		};
		7166614D2884B2E00022C979 /* Frameworks */ = {
			isa = PBXFrameworksBuildPhase;
			buildActionMask = 2147483647;
			files = (
				716661662884B40B0022C979 /* AviationWeather.framework in Frameworks */,
				716661552884B2E00022C979 /* SwiftUI.framework in Frameworks */,
				716661532884B2E00022C979 /* WidgetKit.framework in Frameworks */,
			);
			runOnlyForDeploymentPostprocessing = 0;
		};
		7192DD422885E546007AB42B /* Frameworks */ = {
			isa = PBXFrameworksBuildPhase;
			buildActionMask = 2147483647;
			files = (
				7192DD6A28860212007AB42B /* AviationWeather.framework in Frameworks */,
				7192DD472885E546007AB42B /* Intents.framework in Frameworks */,
			);
			runOnlyForDeploymentPostprocessing = 0;
		};
		7192DD4D2885E546007AB42B /* Frameworks */ = {
			isa = PBXFrameworksBuildPhase;
			buildActionMask = 2147483647;
			files = (
				7192DD522885E546007AB42B /* IntentsUI.framework in Frameworks */,
			);
			runOnlyForDeploymentPostprocessing = 0;
		};
/* End PBXFrameworksBuildPhase section */

/* Begin PBXGroup section */
		710B4FA427D3104100D88842 /* AviationWeather */ = {
			isa = PBXGroup;
			children = (
				710B4FA527D3104100D88842 /* AviationWeather.h */,
				71132C8C2517DE870068BDF7 /* AviationWeather.swift */,
				710B4FB627D32E0F00D88842 /* Client.swift */,
				710B4FB427D311DC00D88842 /* Logging.swift */,
				71132C8B2517DE870068BDF7 /* METAR.swift */,
				713EC096287A85ED00B29117 /* SkyCondition.swift */,
				710394FA27D5456800C3D618 /* QueryItemProviding.swift */,
				710B4FBC27D4032400D88842 /* Response.swift */,
				710B4F9C27D08A3E00D88842 /* RawRepresentable+Comparisons.swift */,
				710B4FB827D35ADC00D88842 /* Request.swift */,
				71132CB525197C850068BDF7 /* Station.swift */,
				71F8E42928860FCA00B5BBBC /* Station+Search.swift */,
				71132C832517DCAF0068BDF7 /* StationInfo.swift */,
				710394F827D5450200C3D618 /* Stations.swift */,
				710394FC27D5495C00C3D618 /* TimeFrame.swift */,
				710B4FA627D3104100D88842 /* AviationWeather.docc */,
			);
			path = AviationWeather;
			sourceTree = "<group>";
		};
		71132C5E2517DC300068BDF7 = {
			isa = PBXGroup;
			children = (
				71132C692517DC310068BDF7 /* METAR */,
				710B4FA427D3104100D88842 /* AviationWeather */,
				716661562884B2E00022C979 /* METARWidget */,
				7192DD482885E546007AB42B /* METARIntents */,
				7192DD532885E546007AB42B /* METARIntentsUI */,
				716661512884B2E00022C979 /* Frameworks */,
				71132C682517DC310068BDF7 /* Products */,
			);
			sourceTree = "<group>";
		};
		71132C682517DC310068BDF7 /* Products */ = {
			isa = PBXGroup;
			children = (
				71132C672517DC310068BDF7 /* METAR.app */,
				710B4FA327D3104000D88842 /* AviationWeather.framework */,
				716661502884B2E00022C979 /* METARWidget.appex */,
				7192DD452885E546007AB42B /* METARIntents.appex */,
				7192DD502885E546007AB42B /* METARIntentsUI.appex */,
			);
			name = Products;
			sourceTree = "<group>";
		};
		71132C692517DC310068BDF7 /* METAR */ = {
			isa = PBXGroup;
			children = (
				71666149287DBDDC0022C979 /* Models */,
				7166614B287DBE800022C979 /* App Views */,
				7166614A287DBE240022C979 /* Utility Views */,
				71B555F22889BD0B00DA314F /* Back Burner */,
				71132C6E2517DC330068BDF7 /* Assets.xcassets */,
				71132C732517DC330068BDF7 /* Info.plist */,
				71132C702517DC330068BDF7 /* Preview Content */,
			);
			path = METAR;
			sourceTree = "<group>";
		};
		71132C702517DC330068BDF7 /* Preview Content */ = {
			isa = PBXGroup;
			children = (
				71132C712517DC330068BDF7 /* Preview Assets.xcassets */,
			);
			path = "Preview Content";
			sourceTree = "<group>";
		};
		71666149287DBDDC0022C979 /* Models */ = {
			isa = PBXGroup;
			children = (
				71B555F9288F848B00DA314F /* Appearance.swift */,
				71132C7D2517DC860068BDF7 /* AppModel.swift */,
				71B555FB288F851800DA314F /* AppModelDataSource.swift */,
				71B555FF288F858600DA314F /* SimpleAppModelDataSource.swift */,
				71B555FD288F854500DA314F /* UserDefaultsAppModelDataSource.swift */,
				713EC08428788DAB00B29117 /* WeatherStringFormatter.swift */,
			);
			path = Models;
			sourceTree = "<group>";
		};
		7166614A287DBE240022C979 /* Utility Views */ = {
			isa = PBXGroup;
			children = (
				713EC0902879F89300B29117 /* Checkmark.swift */,
				713EC092287A01B300B29117 /* CheckmarkRow.swift */,
				713EC08E2879F5FA00B29117 /* DismissingView.swift */,
				713EC0862878A68600B29117 /* LabeledIcon.swift */,
				71132CB1251872A20068BDF7 /* SearchBar.swift */,
				71306572251D718600CF33A0 /* TwoItemRow.swift */,
				71306576251F169D00CF33A0 /* View+Extensions.swift */,
			);
			path = "Utility Views";
			sourceTree = "<group>";
		};
		7166614B287DBE800022C979 /* App Views */ = {
			isa = PBXGroup;
			children = (
				71132CAD25186AE50068BDF7 /* AddAirportSheet.swift */,
				71132CA825182B0B0068BDF7 /* AirportDetailView.swift */,
				713EC09A287CDA1D00B29117 /* AirportPicker.swift */,
				71132C7A2517DC6D0068BDF7 /* AppView.swift */,
				71132C6A2517DC310068BDF7 /* METARApp.swift */,
				713EC0822878848400B29117 /* METARIconRow.swift */,
				71132CA225181EFA0068BDF7 /* METARList.swift */,
				71132CA525181F150068BDF7 /* METARRow.swift */,
				713EC08A2879D11500B29117 /* METARRowStylePicker.swift */,
				716783E6287D0E6700CDD400 /* OnboardingView.swift */,
				713EC0882878F78600B29117 /* SettingsSheet.swift */,
				713EC098287A96F900B29117 /* WelcomeView.swift */,
			);
			path = "App Views";
			sourceTree = "<group>";
		};
		716661512884B2E00022C979 /* Frameworks */ = {
			isa = PBXGroup;
			children = (
				716661522884B2E00022C979 /* WidgetKit.framework */,
				716661542884B2E00022C979 /* SwiftUI.framework */,
				7192DD462885E546007AB42B /* Intents.framework */,
				7192DD512885E546007AB42B /* IntentsUI.framework */,
			);
			name = Frameworks;
			sourceTree = "<group>";
		};
		716661562884B2E00022C979 /* METARWidget */ = {
			isa = PBXGroup;
			children = (
				716661572884B2E00022C979 /* SingleAirportWeatherWidget.swift */,
				7166615C2884B2E10022C979 /* Info.plist */,
			);
			path = METARWidget;
			sourceTree = "<group>";
		};
		7192DD482885E546007AB42B /* METARIntents */ = {
			isa = PBXGroup;
			children = (
				7192DD492885E546007AB42B /* IntentHandler.swift */,
				716661592884B2E00022C979 /* METARIntents.intentdefinition */,
				7192DD4B2885E546007AB42B /* Info.plist */,
			);
			path = METARIntents;
			sourceTree = "<group>";
		};
		7192DD532885E546007AB42B /* METARIntentsUI */ = {
			isa = PBXGroup;
			children = (
				7192DD542885E546007AB42B /* IntentViewController.swift */,
				7192DD562885E546007AB42B /* MainInterface.storyboard */,
				7192DD592885E546007AB42B /* Info.plist */,
			);
			path = METARIntentsUI;
			sourceTree = "<group>";
		};
		71B555F22889BD0B00DA314F /* Back Burner */ = {
			isa = PBXGroup;
			children = (
				71B555EC2888964300DA314F /* Theme.swift */,
				71B555EE288898E300DA314F /* ThemePicker.swift */,
				71B555F7288E386800DA314F /* CasePicker.swift */,
			);
			path = "Back Burner";
			sourceTree = "<group>";
		};
/* End PBXGroup section */

/* Begin PBXHeadersBuildPhase section */
		710B4F9E27D3104000D88842 /* Headers */ = {
			isa = PBXHeadersBuildPhase;
			buildActionMask = 2147483647;
			files = (
				710B4FA827D3104100D88842 /* AviationWeather.h in Headers */,
			);
			runOnlyForDeploymentPostprocessing = 0;
		};
/* End PBXHeadersBuildPhase section */

/* Begin PBXNativeTarget section */
		710B4FA227D3104000D88842 /* AviationWeather */ = {
			isa = PBXNativeTarget;
			buildConfigurationList = 710B4FAD27D3104100D88842 /* Build configuration list for PBXNativeTarget "AviationWeather" */;
			buildPhases = (
				710B4F9E27D3104000D88842 /* Headers */,
				710B4F9F27D3104000D88842 /* Sources */,
				710B4FA027D3104000D88842 /* Frameworks */,
				710B4FA127D3104000D88842 /* Resources */,
			);
			buildRules = (
			);
			dependencies = (
			);
			name = AviationWeather;
			productName = AviationWeather;
			productReference = 710B4FA327D3104000D88842 /* AviationWeather.framework */;
			productType = "com.apple.product-type.framework";
		};
		71132C662517DC310068BDF7 /* METAR */ = {
			isa = PBXNativeTarget;
			buildConfigurationList = 71132C762517DC330068BDF7 /* Build configuration list for PBXNativeTarget "METAR" */;
			buildPhases = (
				71132C632517DC310068BDF7 /* Sources */,
				71132C642517DC310068BDF7 /* Frameworks */,
				71132C652517DC310068BDF7 /* Resources */,
				710B4FB027D3104100D88842 /* Embed Frameworks */,
				716661612884B2E10022C979 /* Embed App Extensions */,
			);
			buildRules = (
			);
			dependencies = (
				710B4FAA27D3104100D88842 /* PBXTargetDependency */,
				716661602884B2E10022C979 /* PBXTargetDependency */,
				7192DD5B2885E546007AB42B /* PBXTargetDependency */,
				7192DD5E2885E546007AB42B /* PBXTargetDependency */,
			);
			name = METAR;
			productName = METAR;
			productReference = 71132C672517DC310068BDF7 /* METAR.app */;
			productType = "com.apple.product-type.application";
		};
		7166614F2884B2E00022C979 /* METARWidget */ = {
			isa = PBXNativeTarget;
			buildConfigurationList = 716661632884B2E10022C979 /* Build configuration list for PBXNativeTarget "METARWidget" */;
			buildPhases = (
				7166614C2884B2E00022C979 /* Sources */,
				7166614D2884B2E00022C979 /* Frameworks */,
				7166614E2884B2E00022C979 /* Resources */,
			);
			buildRules = (
			);
			dependencies = (
				716661682884B42A0022C979 /* PBXTargetDependency */,
			);
			name = METARWidget;
			productName = SingleAirportWeatherWidgetExtension;
			productReference = 716661502884B2E00022C979 /* METARWidget.appex */;
			productType = "com.apple.product-type.app-extension";
		};
		7192DD442885E546007AB42B /* METARIntents */ = {
			isa = PBXNativeTarget;
			buildConfigurationList = 7192DD632885E546007AB42B /* Build configuration list for PBXNativeTarget "METARIntents" */;
			buildPhases = (
				7192DD412885E546007AB42B /* Sources */,
				7192DD422885E546007AB42B /* Frameworks */,
				7192DD432885E546007AB42B /* Resources */,
			);
			buildRules = (
			);
			dependencies = (
				7192DD6C28860216007AB42B /* PBXTargetDependency */,
			);
			name = METARIntents;
			productName = METARIntents;
			productReference = 7192DD452885E546007AB42B /* METARIntents.appex */;
			productType = "com.apple.product-type.app-extension";
		};
		7192DD4F2885E546007AB42B /* METARIntentsUI */ = {
			isa = PBXNativeTarget;
			buildConfigurationList = 7192DD602885E546007AB42B /* Build configuration list for PBXNativeTarget "METARIntentsUI" */;
			buildPhases = (
				7192DD4C2885E546007AB42B /* Sources */,
				7192DD4D2885E546007AB42B /* Frameworks */,
				7192DD4E2885E546007AB42B /* Resources */,
			);
			buildRules = (
			);
			dependencies = (
			);
			name = METARIntentsUI;
			productName = METARIntentsUI;
			productReference = 7192DD502885E546007AB42B /* METARIntentsUI.appex */;
			productType = "com.apple.product-type.app-extension";
		};
/* End PBXNativeTarget section */

/* Begin PBXProject section */
		71132C5F2517DC300068BDF7 /* Project object */ = {
			isa = PBXProject;
			attributes = {
				LastSwiftUpdateCheck = 1340;
				LastUpgradeCheck = 1200;
				TargetAttributes = {
					710B4FA227D3104000D88842 = {
						CreatedOnToolsVersion = 13.2.1;
					};
					71132C662517DC310068BDF7 = {
						CreatedOnToolsVersion = 12.0;
					};
					7166614F2884B2E00022C979 = {
						CreatedOnToolsVersion = 13.4.1;
					};
					7192DD442885E546007AB42B = {
						CreatedOnToolsVersion = 13.4.1;
					};
					7192DD4F2885E546007AB42B = {
						CreatedOnToolsVersion = 13.4.1;
					};
				};
			};
			buildConfigurationList = 71132C622517DC310068BDF7 /* Build configuration list for PBXProject "METAR" */;
			compatibilityVersion = "Xcode 9.3";
			developmentRegion = en;
			hasScannedForEncodings = 0;
			knownRegions = (
				en,
				Base,
			);
			mainGroup = 71132C5E2517DC300068BDF7;
			productRefGroup = 71132C682517DC310068BDF7 /* Products */;
			projectDirPath = "";
			projectRoot = "";
			targets = (
				71132C662517DC310068BDF7 /* METAR */,
				710B4FA227D3104000D88842 /* AviationWeather */,
				7166614F2884B2E00022C979 /* METARWidget */,
				7192DD442885E546007AB42B /* METARIntents */,
				7192DD4F2885E546007AB42B /* METARIntentsUI */,
			);
		};
/* End PBXProject section */

/* Begin PBXResourcesBuildPhase section */
		710B4FA127D3104000D88842 /* Resources */ = {
			isa = PBXResourcesBuildPhase;
			buildActionMask = 2147483647;
			files = (
			);
			runOnlyForDeploymentPostprocessing = 0;
		};
		71132C652517DC310068BDF7 /* Resources */ = {
			isa = PBXResourcesBuildPhase;
			buildActionMask = 2147483647;
			files = (
				71132C722517DC330068BDF7 /* Preview Assets.xcassets in Resources */,
				71132C6F2517DC330068BDF7 /* Assets.xcassets in Resources */,
			);
			runOnlyForDeploymentPostprocessing = 0;
		};
		7166614E2884B2E00022C979 /* Resources */ = {
			isa = PBXResourcesBuildPhase;
			buildActionMask = 2147483647;
			files = (
				7192DD402885E422007AB42B /* Assets.xcassets in Resources */,
			);
			runOnlyForDeploymentPostprocessing = 0;
		};
		7192DD432885E546007AB42B /* Resources */ = {
			isa = PBXResourcesBuildPhase;
			buildActionMask = 2147483647;
			files = (
				7192DD672886012B007AB42B /* Assets.xcassets in Resources */,
			);
			runOnlyForDeploymentPostprocessing = 0;
		};
		7192DD4E2885E546007AB42B /* Resources */ = {
			isa = PBXResourcesBuildPhase;
			buildActionMask = 2147483647;
			files = (
				7192DD582885E546007AB42B /* MainInterface.storyboard in Resources */,
			);
			runOnlyForDeploymentPostprocessing = 0;
		};
/* End PBXResourcesBuildPhase section */

/* Begin PBXSourcesBuildPhase section */
		710B4F9F27D3104000D88842 /* Sources */ = {
			isa = PBXSourcesBuildPhase;
			buildActionMask = 2147483647;
			files = (
				710B4FB327D3109700D88842 /* RawRepresentable+Comparisons.swift in Sources */,
				710B4FB527D311DC00D88842 /* Logging.swift in Sources */,
				710394FB27D5456800C3D618 /* QueryItemProviding.swift in Sources */,
				713EC097287A85ED00B29117 /* SkyCondition.swift in Sources */,
				710B4FB727D32E0F00D88842 /* Client.swift in Sources */,
				71F8E42A28860FCA00B5BBBC /* Station+Search.swift in Sources */,
				710B4FBD27D4032400D88842 /* Response.swift in Sources */,
				710B4FA727D3104100D88842 /* AviationWeather.docc in Sources */,
				710394FD27D5495C00C3D618 /* TimeFrame.swift in Sources */,
				710394F927D5450200C3D618 /* Stations.swift in Sources */,
				7192DD68288601D8007AB42B /* Station.swift in Sources */,
				7192DD69288601D8007AB42B /* StationInfo.swift in Sources */,
				710B4FB927D35ADC00D88842 /* Request.swift in Sources */,
				710B4FB227D3105000D88842 /* METAR.swift in Sources */,
				710B4FB127D3105000D88842 /* AviationWeather.swift in Sources */,
			);
			runOnlyForDeploymentPostprocessing = 0;
		};
		71132C632517DC310068BDF7 /* Sources */ = {
			isa = PBXSourcesBuildPhase;
			buildActionMask = 2147483647;
			files = (
				71306573251D718600CF33A0 /* TwoItemRow.swift in Sources */,
				71132CB2251872A20068BDF7 /* SearchBar.swift in Sources */,
				71132CA625181F150068BDF7 /* METARRow.swift in Sources */,
				71B555FA288F848B00DA314F /* Appearance.swift in Sources */,
				71132CA325181EFA0068BDF7 /* METARList.swift in Sources */,
				71132CAE25186AE50068BDF7 /* AddAirportSheet.swift in Sources */,
				713EC093287A01B300B29117 /* CheckmarkRow.swift in Sources */,
				713EC08F2879F5FA00B29117 /* DismissingView.swift in Sources */,
				71B55600288F858600DA314F /* SimpleAppModelDataSource.swift in Sources */,
				713EC08528788DAB00B29117 /* WeatherStringFormatter.swift in Sources */,
				71925B3C28851FC5003EB8D8 /* METARIntents.intentdefinition in Sources */,
				713EC0872878A68600B29117 /* LabeledIcon.swift in Sources */,
				71B555FC288F851800DA314F /* AppModelDataSource.swift in Sources */,
				71B555ED2888964300DA314F /* Theme.swift in Sources */,
				71B555FE288F854500DA314F /* UserDefaultsAppModelDataSource.swift in Sources */,
				713EC09B287CDA1D00B29117 /* AirportPicker.swift in Sources */,
				71132C7B2517DC6D0068BDF7 /* AppView.swift in Sources */,
				713EC08B2879D11500B29117 /* METARRowStylePicker.swift in Sources */,
				71132C6B2517DC310068BDF7 /* METARApp.swift in Sources */,
				71306577251F169E00CF33A0 /* View+Extensions.swift in Sources */,
				71B555F8288E386800DA314F /* CasePicker.swift in Sources */,
				713EC0912879F89300B29117 /* Checkmark.swift in Sources */,
				716783E7287D0E6700CDD400 /* OnboardingView.swift in Sources */,
				71132CA925182B0B0068BDF7 /* AirportDetailView.swift in Sources */,
				713EC0892878F78600B29117 /* SettingsSheet.swift in Sources */,
				713EC0832878848400B29117 /* METARIconRow.swift in Sources */,
				71B555EF288898E300DA314F /* ThemePicker.swift in Sources */,
				713EC099287A96F900B29117 /* WelcomeView.swift in Sources */,
				71132C7E2517DC860068BDF7 /* AppModel.swift in Sources */,
			);
			runOnlyForDeploymentPostprocessing = 0;
		};
		7166614C2884B2E00022C979 /* Sources */ = {
			isa = PBXSourcesBuildPhase;
			buildActionMask = 2147483647;
			files = (
				716661582884B2E00022C979 /* SingleAirportWeatherWidget.swift in Sources */,
				71925B3D28851FC7003EB8D8 /* METARIntents.intentdefinition in Sources */,
			);
			runOnlyForDeploymentPostprocessing = 0;
		};
		7192DD412885E546007AB42B /* Sources */ = {
			isa = PBXSourcesBuildPhase;
			buildActionMask = 2147483647;
			files = (
				7192DD4A2885E546007AB42B /* IntentHandler.swift in Sources */,
				7192DD662885E921007AB42B /* METARIntents.intentdefinition in Sources */,
			);
			runOnlyForDeploymentPostprocessing = 0;
		};
		7192DD4C2885E546007AB42B /* Sources */ = {
			isa = PBXSourcesBuildPhase;
			buildActionMask = 2147483647;
			files = (
				7192DD552885E546007AB42B /* IntentViewController.swift in Sources */,
			);
			runOnlyForDeploymentPostprocessing = 0;
		};
/* End PBXSourcesBuildPhase section */

/* Begin PBXTargetDependency section */
		710B4FAA27D3104100D88842 /* PBXTargetDependency */ = {
			isa = PBXTargetDependency;
			target = 710B4FA227D3104000D88842 /* AviationWeather */;
			targetProxy = 710B4FA927D3104100D88842 /* PBXContainerItemProxy */;
		};
		716661602884B2E10022C979 /* PBXTargetDependency */ = {
			isa = PBXTargetDependency;
			target = 7166614F2884B2E00022C979 /* METARWidget */;
			targetProxy = 7166615F2884B2E10022C979 /* PBXContainerItemProxy */;
		};
		716661682884B42A0022C979 /* PBXTargetDependency */ = {
			isa = PBXTargetDependency;
			target = 710B4FA227D3104000D88842 /* AviationWeather */;
			targetProxy = 716661672884B42A0022C979 /* PBXContainerItemProxy */;
		};
		7192DD5B2885E546007AB42B /* PBXTargetDependency */ = {
			isa = PBXTargetDependency;
			target = 7192DD4F2885E546007AB42B /* METARIntentsUI */;
			targetProxy = 7192DD5A2885E546007AB42B /* PBXContainerItemProxy */;
		};
		7192DD5E2885E546007AB42B /* PBXTargetDependency */ = {
			isa = PBXTargetDependency;
			target = 7192DD442885E546007AB42B /* METARIntents */;
			targetProxy = 7192DD5D2885E546007AB42B /* PBXContainerItemProxy */;
		};
		7192DD6C28860216007AB42B /* PBXTargetDependency */ = {
			isa = PBXTargetDependency;
			target = 710B4FA227D3104000D88842 /* AviationWeather */;
			targetProxy = 7192DD6B28860216007AB42B /* PBXContainerItemProxy */;
		};
/* End PBXTargetDependency section */

/* Begin PBXVariantGroup section */
		7192DD562885E546007AB42B /* MainInterface.storyboard */ = {
			isa = PBXVariantGroup;
			children = (
				7192DD572885E546007AB42B /* Base */,
			);
			name = MainInterface.storyboard;
			sourceTree = "<group>";
		};
/* End PBXVariantGroup section */

/* Begin XCBuildConfiguration section */
		710B4FAE27D3104100D88842 /* Debug */ = {
			isa = XCBuildConfiguration;
			buildSettings = {
				APPLICATION_EXTENSION_API_ONLY = YES;
				CLANG_CXX_LANGUAGE_STANDARD = "gnu++17";
				CODE_SIGN_STYLE = Automatic;
				CURRENT_PROJECT_VERSION = 1;
				DEFINES_MODULE = YES;
				DEVELOPMENT_TEAM = W4XDZYQF7N;
				DYLIB_COMPATIBILITY_VERSION = 1;
				DYLIB_CURRENT_VERSION = 1;
				DYLIB_INSTALL_NAME_BASE = "@rpath";
				GENERATE_INFOPLIST_FILE = YES;
				INFOPLIST_KEY_NSHumanReadableCopyright = "";
				INSTALL_PATH = "$(LOCAL_LIBRARY_DIR)/Frameworks";
				IPHONEOS_DEPLOYMENT_TARGET = 15.0;
				LD_RUNPATH_SEARCH_PATHS = (
					"$(inherited)",
					"@executable_path/Frameworks",
					"@loader_path/Frameworks",
				);
				MACOSX_DEPLOYMENT_TARGET = 12.0;
				MARKETING_VERSION = 1.0;
				PRODUCT_BUNDLE_IDENTIFIER = com.duyk.AviationWeather;
				PRODUCT_NAME = "$(TARGET_NAME:c99extidentifier)";
				SKIP_INSTALL = YES;
				SWIFT_EMIT_LOC_STRINGS = YES;
				SWIFT_VERSION = 5.0;
				TARGETED_DEVICE_FAMILY = "1,2";
				TVOS_DEPLOYMENT_TARGET = 15.0;
				VERSIONING_SYSTEM = "apple-generic";
				VERSION_INFO_PREFIX = "";
				WATCHOS_DEPLOYMENT_TARGET = 8.0;
			};
			name = Debug;
		};
		710B4FAF27D3104100D88842 /* Release */ = {
			isa = XCBuildConfiguration;
			buildSettings = {
				APPLICATION_EXTENSION_API_ONLY = YES;
				CLANG_CXX_LANGUAGE_STANDARD = "gnu++17";
				CODE_SIGN_STYLE = Automatic;
				CURRENT_PROJECT_VERSION = 1;
				DEFINES_MODULE = YES;
				DEVELOPMENT_TEAM = W4XDZYQF7N;
				DYLIB_COMPATIBILITY_VERSION = 1;
				DYLIB_CURRENT_VERSION = 1;
				DYLIB_INSTALL_NAME_BASE = "@rpath";
				GENERATE_INFOPLIST_FILE = YES;
				INFOPLIST_KEY_NSHumanReadableCopyright = "";
				INSTALL_PATH = "$(LOCAL_LIBRARY_DIR)/Frameworks";
				IPHONEOS_DEPLOYMENT_TARGET = 15.0;
				LD_RUNPATH_SEARCH_PATHS = (
					"$(inherited)",
					"@executable_path/Frameworks",
					"@loader_path/Frameworks",
				);
				MACOSX_DEPLOYMENT_TARGET = 12.0;
				MARKETING_VERSION = 1.0;
				PRODUCT_BUNDLE_IDENTIFIER = com.duyk.AviationWeather;
				PRODUCT_NAME = "$(TARGET_NAME:c99extidentifier)";
				SKIP_INSTALL = YES;
				SWIFT_EMIT_LOC_STRINGS = YES;
				SWIFT_VERSION = 5.0;
				TARGETED_DEVICE_FAMILY = "1,2";
				TVOS_DEPLOYMENT_TARGET = 15.0;
				VERSIONING_SYSTEM = "apple-generic";
				VERSION_INFO_PREFIX = "";
				WATCHOS_DEPLOYMENT_TARGET = 8.0;
			};
			name = Release;
		};
		71132C742517DC330068BDF7 /* Debug */ = {
			isa = XCBuildConfiguration;
			buildSettings = {
				ALWAYS_SEARCH_USER_PATHS = NO;
				CLANG_ANALYZER_NONNULL = YES;
				CLANG_ANALYZER_NUMBER_OBJECT_CONVERSION = YES_AGGRESSIVE;
				CLANG_CXX_LANGUAGE_STANDARD = "gnu++14";
				CLANG_CXX_LIBRARY = "libc++";
				CLANG_ENABLE_MODULES = YES;
				CLANG_ENABLE_OBJC_ARC = YES;
				CLANG_ENABLE_OBJC_WEAK = YES;
				CLANG_WARN_BLOCK_CAPTURE_AUTORELEASING = YES;
				CLANG_WARN_BOOL_CONVERSION = YES;
				CLANG_WARN_COMMA = YES;
				CLANG_WARN_CONSTANT_CONVERSION = YES;
				CLANG_WARN_DEPRECATED_OBJC_IMPLEMENTATIONS = YES;
				CLANG_WARN_DIRECT_OBJC_ISA_USAGE = YES_ERROR;
				CLANG_WARN_DOCUMENTATION_COMMENTS = YES;
				CLANG_WARN_EMPTY_BODY = YES;
				CLANG_WARN_ENUM_CONVERSION = YES;
				CLANG_WARN_INFINITE_RECURSION = YES;
				CLANG_WARN_INT_CONVERSION = YES;
				CLANG_WARN_NON_LITERAL_NULL_CONVERSION = YES;
				CLANG_WARN_OBJC_IMPLICIT_RETAIN_SELF = YES;
				CLANG_WARN_OBJC_LITERAL_CONVERSION = YES;
				CLANG_WARN_OBJC_ROOT_CLASS = YES_ERROR;
				CLANG_WARN_QUOTED_INCLUDE_IN_FRAMEWORK_HEADER = YES;
				CLANG_WARN_RANGE_LOOP_ANALYSIS = YES;
				CLANG_WARN_STRICT_PROTOTYPES = YES;
				CLANG_WARN_SUSPICIOUS_MOVE = YES;
				CLANG_WARN_UNGUARDED_AVAILABILITY = YES_AGGRESSIVE;
				CLANG_WARN_UNREACHABLE_CODE = YES;
				CLANG_WARN__DUPLICATE_METHOD_MATCH = YES;
				COPY_PHASE_STRIP = NO;
				DEBUG_INFORMATION_FORMAT = dwarf;
				ENABLE_STRICT_OBJC_MSGSEND = YES;
				ENABLE_TESTABILITY = YES;
				GCC_C_LANGUAGE_STANDARD = gnu11;
				GCC_DYNAMIC_NO_PIC = NO;
				GCC_NO_COMMON_BLOCKS = YES;
				GCC_OPTIMIZATION_LEVEL = 0;
				GCC_PREPROCESSOR_DEFINITIONS = (
					"DEBUG=1",
					"$(inherited)",
				);
				GCC_WARN_64_TO_32_BIT_CONVERSION = YES;
				GCC_WARN_ABOUT_RETURN_TYPE = YES_ERROR;
				GCC_WARN_UNDECLARED_SELECTOR = YES;
				GCC_WARN_UNINITIALIZED_AUTOS = YES_AGGRESSIVE;
				GCC_WARN_UNUSED_FUNCTION = YES;
				GCC_WARN_UNUSED_VARIABLE = YES;
				IPHONEOS_DEPLOYMENT_TARGET = 14.0;
				MTL_ENABLE_DEBUG_INFO = INCLUDE_SOURCE;
				MTL_FAST_MATH = YES;
				ONLY_ACTIVE_ARCH = YES;
				SDKROOT = iphoneos;
				SWIFT_ACTIVE_COMPILATION_CONDITIONS = DEBUG;
				SWIFT_OPTIMIZATION_LEVEL = "-Onone";
			};
			name = Debug;
		};
		71132C752517DC330068BDF7 /* Release */ = {
			isa = XCBuildConfiguration;
			buildSettings = {
				ALWAYS_SEARCH_USER_PATHS = NO;
				CLANG_ANALYZER_NONNULL = YES;
				CLANG_ANALYZER_NUMBER_OBJECT_CONVERSION = YES_AGGRESSIVE;
				CLANG_CXX_LANGUAGE_STANDARD = "gnu++14";
				CLANG_CXX_LIBRARY = "libc++";
				CLANG_ENABLE_MODULES = YES;
				CLANG_ENABLE_OBJC_ARC = YES;
				CLANG_ENABLE_OBJC_WEAK = YES;
				CLANG_WARN_BLOCK_CAPTURE_AUTORELEASING = YES;
				CLANG_WARN_BOOL_CONVERSION = YES;
				CLANG_WARN_COMMA = YES;
				CLANG_WARN_CONSTANT_CONVERSION = YES;
				CLANG_WARN_DEPRECATED_OBJC_IMPLEMENTATIONS = YES;
				CLANG_WARN_DIRECT_OBJC_ISA_USAGE = YES_ERROR;
				CLANG_WARN_DOCUMENTATION_COMMENTS = YES;
				CLANG_WARN_EMPTY_BODY = YES;
				CLANG_WARN_ENUM_CONVERSION = YES;
				CLANG_WARN_INFINITE_RECURSION = YES;
				CLANG_WARN_INT_CONVERSION = YES;
				CLANG_WARN_NON_LITERAL_NULL_CONVERSION = YES;
				CLANG_WARN_OBJC_IMPLICIT_RETAIN_SELF = YES;
				CLANG_WARN_OBJC_LITERAL_CONVERSION = YES;
				CLANG_WARN_OBJC_ROOT_CLASS = YES_ERROR;
				CLANG_WARN_QUOTED_INCLUDE_IN_FRAMEWORK_HEADER = YES;
				CLANG_WARN_RANGE_LOOP_ANALYSIS = YES;
				CLANG_WARN_STRICT_PROTOTYPES = YES;
				CLANG_WARN_SUSPICIOUS_MOVE = YES;
				CLANG_WARN_UNGUARDED_AVAILABILITY = YES_AGGRESSIVE;
				CLANG_WARN_UNREACHABLE_CODE = YES;
				CLANG_WARN__DUPLICATE_METHOD_MATCH = YES;
				COPY_PHASE_STRIP = NO;
				DEBUG_INFORMATION_FORMAT = "dwarf-with-dsym";
				ENABLE_NS_ASSERTIONS = NO;
				ENABLE_STRICT_OBJC_MSGSEND = YES;
				GCC_C_LANGUAGE_STANDARD = gnu11;
				GCC_NO_COMMON_BLOCKS = YES;
				GCC_WARN_64_TO_32_BIT_CONVERSION = YES;
				GCC_WARN_ABOUT_RETURN_TYPE = YES_ERROR;
				GCC_WARN_UNDECLARED_SELECTOR = YES;
				GCC_WARN_UNINITIALIZED_AUTOS = YES_AGGRESSIVE;
				GCC_WARN_UNUSED_FUNCTION = YES;
				GCC_WARN_UNUSED_VARIABLE = YES;
				IPHONEOS_DEPLOYMENT_TARGET = 14.0;
				MTL_ENABLE_DEBUG_INFO = NO;
				MTL_FAST_MATH = YES;
				SDKROOT = iphoneos;
				SWIFT_COMPILATION_MODE = wholemodule;
				SWIFT_OPTIMIZATION_LEVEL = "-O";
				VALIDATE_PRODUCT = YES;
			};
			name = Release;
		};
		71132C772517DC330068BDF7 /* Debug */ = {
			isa = XCBuildConfiguration;
			buildSettings = {
				ALWAYS_EMBED_SWIFT_STANDARD_LIBRARIES = YES;
				ASSETCATALOG_COMPILER_APPICON_NAME = AppIcon;
				ASSETCATALOG_COMPILER_GLOBAL_ACCENT_COLOR_NAME = AccentColor;
				CODE_SIGN_STYLE = Automatic;
				DEVELOPMENT_ASSET_PATHS = "\"METAR/Preview Content\"";
				DEVELOPMENT_TEAM = W4XDZYQF7N;
				ENABLE_PREVIEWS = YES;
				INFOPLIST_FILE = METAR/Info.plist;
				IPHONEOS_DEPLOYMENT_TARGET = 15.0;
				LD_RUNPATH_SEARCH_PATHS = (
					"$(inherited)",
					"@executable_path/Frameworks",
				);
				PRODUCT_BUNDLE_IDENTIFIER = com.duyk.GetMETAR;
				PRODUCT_NAME = "$(TARGET_NAME)";
				SWIFT_VERSION = 5.0;
				TARGETED_DEVICE_FAMILY = "1,2";
			};
			name = Debug;
		};
		71132C782517DC330068BDF7 /* Release */ = {
			isa = XCBuildConfiguration;
			buildSettings = {
				ALWAYS_EMBED_SWIFT_STANDARD_LIBRARIES = YES;
				ASSETCATALOG_COMPILER_APPICON_NAME = AppIcon;
				ASSETCATALOG_COMPILER_GLOBAL_ACCENT_COLOR_NAME = AccentColor;
				CODE_SIGN_STYLE = Automatic;
				DEVELOPMENT_ASSET_PATHS = "\"METAR/Preview Content\"";
				DEVELOPMENT_TEAM = W4XDZYQF7N;
				ENABLE_PREVIEWS = YES;
				INFOPLIST_FILE = METAR/Info.plist;
				IPHONEOS_DEPLOYMENT_TARGET = 15.0;
				LD_RUNPATH_SEARCH_PATHS = (
					"$(inherited)",
					"@executable_path/Frameworks",
				);
				PRODUCT_BUNDLE_IDENTIFIER = com.duyk.GetMETAR;
				PRODUCT_NAME = "$(TARGET_NAME)";
				SWIFT_VERSION = 5.0;
				TARGETED_DEVICE_FAMILY = "1,2";
			};
			name = Release;
		};
		716661642884B2E10022C979 /* Debug */ = {
			isa = XCBuildConfiguration;
			buildSettings = {
				ASSETCATALOG_COMPILER_GLOBAL_ACCENT_COLOR_NAME = AccentColor;
				ASSETCATALOG_COMPILER_WIDGET_BACKGROUND_COLOR_NAME = WidgetBackground;
				CLANG_CXX_LANGUAGE_STANDARD = "gnu++17";
				CODE_SIGN_STYLE = Automatic;
				CURRENT_PROJECT_VERSION = 1;
				DEVELOPMENT_TEAM = W4XDZYQF7N;
				GENERATE_INFOPLIST_FILE = YES;
				INFOPLIST_FILE = METARWidget/Info.plist;
				INFOPLIST_KEY_CFBundleDisplayName = METARWidget;
				INFOPLIST_KEY_NSHumanReadableCopyright = "";
				IPHONEOS_DEPLOYMENT_TARGET = 15.5;
				LD_RUNPATH_SEARCH_PATHS = (
					"$(inherited)",
					"@executable_path/Frameworks",
					"@executable_path/../../Frameworks",
				);
				MARKETING_VERSION = 1.0;
				PRODUCT_BUNDLE_IDENTIFIER = com.duyk.GetMETAR.METARWidget;
				PRODUCT_NAME = "$(TARGET_NAME)";
				SKIP_INSTALL = YES;
				SWIFT_EMIT_LOC_STRINGS = YES;
				SWIFT_VERSION = 5.0;
				TARGETED_DEVICE_FAMILY = "1,2";
			};
			name = Debug;
		};
		716661652884B2E10022C979 /* Release */ = {
			isa = XCBuildConfiguration;
			buildSettings = {
				ASSETCATALOG_COMPILER_GLOBAL_ACCENT_COLOR_NAME = AccentColor;
				ASSETCATALOG_COMPILER_WIDGET_BACKGROUND_COLOR_NAME = WidgetBackground;
				CLANG_CXX_LANGUAGE_STANDARD = "gnu++17";
				CODE_SIGN_STYLE = Automatic;
				CURRENT_PROJECT_VERSION = 1;
				DEVELOPMENT_TEAM = W4XDZYQF7N;
				GENERATE_INFOPLIST_FILE = YES;
				INFOPLIST_FILE = METARWidget/Info.plist;
				INFOPLIST_KEY_CFBundleDisplayName = METARWidget;
				INFOPLIST_KEY_NSHumanReadableCopyright = "";
				IPHONEOS_DEPLOYMENT_TARGET = 15.5;
				LD_RUNPATH_SEARCH_PATHS = (
					"$(inherited)",
					"@executable_path/Frameworks",
					"@executable_path/../../Frameworks",
				);
				MARKETING_VERSION = 1.0;
				PRODUCT_BUNDLE_IDENTIFIER = com.duyk.GetMETAR.METARWidget;
				PRODUCT_NAME = "$(TARGET_NAME)";
				SKIP_INSTALL = YES;
				SWIFT_EMIT_LOC_STRINGS = YES;
				SWIFT_VERSION = 5.0;
				TARGETED_DEVICE_FAMILY = "1,2";
			};
			name = Release;
		};
		7192DD612885E546007AB42B /* Debug */ = {
			isa = XCBuildConfiguration;
			buildSettings = {
				CLANG_CXX_LANGUAGE_STANDARD = "gnu++17";
				CODE_SIGN_STYLE = Automatic;
				CURRENT_PROJECT_VERSION = 1;
				DEVELOPMENT_TEAM = W4XDZYQF7N;
				GENERATE_INFOPLIST_FILE = YES;
				INFOPLIST_FILE = METARIntentsUI/Info.plist;
				INFOPLIST_KEY_CFBundleDisplayName = METARIntentsUI;
				INFOPLIST_KEY_NSHumanReadableCopyright = "";
				IPHONEOS_DEPLOYMENT_TARGET = 15.5;
				LD_RUNPATH_SEARCH_PATHS = (
					"$(inherited)",
					"@executable_path/Frameworks",
					"@executable_path/../../Frameworks",
				);
				MARKETING_VERSION = 1.0;
				PRODUCT_BUNDLE_IDENTIFIER = com.duyk.GetMETAR.METARIntentsUI;
				PRODUCT_NAME = "$(TARGET_NAME)";
				SKIP_INSTALL = YES;
				SWIFT_EMIT_LOC_STRINGS = YES;
				SWIFT_VERSION = 5.0;
				TARGETED_DEVICE_FAMILY = "1,2";
			};
			name = Debug;
		};
		7192DD622885E546007AB42B /* Release */ = {
			isa = XCBuildConfiguration;
			buildSettings = {
				CLANG_CXX_LANGUAGE_STANDARD = "gnu++17";
				CODE_SIGN_STYLE = Automatic;
				CURRENT_PROJECT_VERSION = 1;
				DEVELOPMENT_TEAM = W4XDZYQF7N;
				GENERATE_INFOPLIST_FILE = YES;
				INFOPLIST_FILE = METARIntentsUI/Info.plist;
				INFOPLIST_KEY_CFBundleDisplayName = METARIntentsUI;
				INFOPLIST_KEY_NSHumanReadableCopyright = "";
				IPHONEOS_DEPLOYMENT_TARGET = 15.5;
				LD_RUNPATH_SEARCH_PATHS = (
					"$(inherited)",
					"@executable_path/Frameworks",
					"@executable_path/../../Frameworks",
				);
				MARKETING_VERSION = 1.0;
				PRODUCT_BUNDLE_IDENTIFIER = com.duyk.GetMETAR.METARIntentsUI;
				PRODUCT_NAME = "$(TARGET_NAME)";
				SKIP_INSTALL = YES;
				SWIFT_EMIT_LOC_STRINGS = YES;
				SWIFT_VERSION = 5.0;
				TARGETED_DEVICE_FAMILY = "1,2";
			};
			name = Release;
		};
		7192DD642885E546007AB42B /* Debug */ = {
			isa = XCBuildConfiguration;
			buildSettings = {
				CLANG_CXX_LANGUAGE_STANDARD = "gnu++17";
				CODE_SIGN_STYLE = Automatic;
				CURRENT_PROJECT_VERSION = 1;
				DEVELOPMENT_TEAM = W4XDZYQF7N;
				GENERATE_INFOPLIST_FILE = YES;
				INFOPLIST_FILE = METARIntents/Info.plist;
				INFOPLIST_KEY_CFBundleDisplayName = METARIntents;
				INFOPLIST_KEY_NSHumanReadableCopyright = "";
				IPHONEOS_DEPLOYMENT_TARGET = 15.5;
				LD_RUNPATH_SEARCH_PATHS = (
					"$(inherited)",
					"@executable_path/Frameworks",
					"@executable_path/../../Frameworks",
				);
				MARKETING_VERSION = 1.0;
				PRODUCT_BUNDLE_IDENTIFIER = com.duyk.GetMETAR.METARIntents;
				PRODUCT_NAME = "$(TARGET_NAME)";
				SKIP_INSTALL = YES;
				SWIFT_EMIT_LOC_STRINGS = YES;
				SWIFT_VERSION = 5.0;
				TARGETED_DEVICE_FAMILY = "1,2";
			};
			name = Debug;
		};
		7192DD652885E546007AB42B /* Release */ = {
			isa = XCBuildConfiguration;
			buildSettings = {
				CLANG_CXX_LANGUAGE_STANDARD = "gnu++17";
				CODE_SIGN_STYLE = Automatic;
				CURRENT_PROJECT_VERSION = 1;
				DEVELOPMENT_TEAM = W4XDZYQF7N;
				GENERATE_INFOPLIST_FILE = YES;
				INFOPLIST_FILE = METARIntents/Info.plist;
				INFOPLIST_KEY_CFBundleDisplayName = METARIntents;
				INFOPLIST_KEY_NSHumanReadableCopyright = "";
				IPHONEOS_DEPLOYMENT_TARGET = 15.5;
				LD_RUNPATH_SEARCH_PATHS = (
					"$(inherited)",
					"@executable_path/Frameworks",
					"@executable_path/../../Frameworks",
				);
				MARKETING_VERSION = 1.0;
				PRODUCT_BUNDLE_IDENTIFIER = com.duyk.GetMETAR.METARIntents;
				PRODUCT_NAME = "$(TARGET_NAME)";
				SKIP_INSTALL = YES;
				SWIFT_EMIT_LOC_STRINGS = YES;
				SWIFT_VERSION = 5.0;
				TARGETED_DEVICE_FAMILY = "1,2";
			};
			name = Release;
		};
/* End XCBuildConfiguration section */

/* Begin XCConfigurationList section */
		710B4FAD27D3104100D88842 /* Build configuration list for PBXNativeTarget "AviationWeather" */ = {
			isa = XCConfigurationList;
			buildConfigurations = (
				710B4FAE27D3104100D88842 /* Debug */,
				710B4FAF27D3104100D88842 /* Release */,
			);
			defaultConfigurationIsVisible = 0;
			defaultConfigurationName = Release;
		};
		71132C622517DC310068BDF7 /* Build configuration list for PBXProject "METAR" */ = {
			isa = XCConfigurationList;
			buildConfigurations = (
				71132C742517DC330068BDF7 /* Debug */,
				71132C752517DC330068BDF7 /* Release */,
			);
			defaultConfigurationIsVisible = 0;
			defaultConfigurationName = Release;
		};
		71132C762517DC330068BDF7 /* Build configuration list for PBXNativeTarget "METAR" */ = {
			isa = XCConfigurationList;
			buildConfigurations = (
				71132C772517DC330068BDF7 /* Debug */,
				71132C782517DC330068BDF7 /* Release */,
			);
			defaultConfigurationIsVisible = 0;
			defaultConfigurationName = Release;
		};
		716661632884B2E10022C979 /* Build configuration list for PBXNativeTarget "METARWidget" */ = {
			isa = XCConfigurationList;
			buildConfigurations = (
				716661642884B2E10022C979 /* Debug */,
				716661652884B2E10022C979 /* Release */,
			);
			defaultConfigurationIsVisible = 0;
			defaultConfigurationName = Release;
		};
		7192DD602885E546007AB42B /* Build configuration list for PBXNativeTarget "METARIntentsUI" */ = {
			isa = XCConfigurationList;
			buildConfigurations = (
				7192DD612885E546007AB42B /* Debug */,
				7192DD622885E546007AB42B /* Release */,
			);
			defaultConfigurationIsVisible = 0;
			defaultConfigurationName = Release;
		};
		7192DD632885E546007AB42B /* Build configuration list for PBXNativeTarget "METARIntents" */ = {
			isa = XCConfigurationList;
			buildConfigurations = (
				7192DD642885E546007AB42B /* Debug */,
				7192DD652885E546007AB42B /* Release */,
			);
			defaultConfigurationIsVisible = 0;
			defaultConfigurationName = Release;
		};
/* End XCConfigurationList section */
	};
	rootObject = 71132C5F2517DC300068BDF7 /* Project object */;
}
